// !$*UTF8*$!
{
	archiveVersion = 1;
	classes = {
	};
	objectVersion = 77;
	objects = {

/* Begin PBXBuildFile section */
		60A99E6F2E5F26F50095F533 /* .gitignore in Resources */ = {isa = PBXBuildFile; fileRef = 60A99E6E2E5F26E20095F533 /* .gitignore */; };
/* End PBXBuildFile section */

/* Begin PBXContainerItemProxy section */
		60A99E522E5F26BD0095F533 /* PBXContainerItemProxy */ = {
			isa = PBXContainerItemProxy;
			containerPortal = 60A99E3C2E5F26BD0095F533 /* Project object */;
			proxyType = 1;
			remoteGlobalIDString = 60A99E432E5F26BD0095F533;
			remoteInfo = AIImageGenerator;
		};
		60A99E5C2E5F26BD0095F533 /* PBXContainerItemProxy */ = {
			isa = PBXContainerItemProxy;
			containerPortal = 60A99E3C2E5F26BD0095F533 /* Project object */;
			proxyType = 1;
			remoteGlobalIDString = 60A99E432E5F26BD0095F533;
			remoteInfo = AIImageGenerator;
		};
/* End PBXContainerItemProxy section */

/* Begin PBXFileReference section */
		60A99E442E5F26BD0095F533 /* AIImageGenerator.app */ = {isa = PBXFileReference; explicitFileType = wrapper.application; includeInIndex = 0; path = AIImageGenerator.app; sourceTree = BUILT_PRODUCTS_DIR; };
		60A99E512E5F26BD0095F533 /* AIImageGeneratorTests.xctest */ = {isa = PBXFileReference; explicitFileType = wrapper.cfbundle; includeInIndex = 0; path = AIImageGeneratorTests.xctest; sourceTree = BUILT_PRODUCTS_DIR; };
		60A99E5B2E5F26BD0095F533 /* AIImageGeneratorUITests.xctest */ = {isa = PBXFileReference; explicitFileType = wrapper.cfbundle; includeInIndex = 0; path = AIImageGeneratorUITests.xctest; sourceTree = BUILT_PRODUCTS_DIR; };
		60A99E6E2E5F26E20095F533 /* .gitignore */ = {isa = PBXFileReference; lastKnownFileType = text; path = .gitignore; sourceTree = "<group>"; };
/* End PBXFileReference section */

/* Begin PBXFileSystemSynchronizedRootGroup section */
		60A99E462E5F26BD0095F533 /* AIImageGenerator */ = {
			isa = PBXFileSystemSynchronizedRootGroup;
			path = AIImageGenerator;
			sourceTree = "<group>";
		};
		60A99E542E5F26BD0095F533 /* AIImageGeneratorTests */ = {
			isa = PBXFileSystemSynchronizedRootGroup;
			path = AIImageGeneratorTests;
			sourceTree = "<group>";
		};
		60A99E5E2E5F26BD0095F533 /* AIImageGeneratorUITests */ = {
			isa = PBXFileSystemSynchronizedRootGroup;
			path = AIImageGeneratorUITests;
			sourceTree = "<group>";
		};
/* End PBXFileSystemSynchronizedRootGroup section */

/* Begin PBXFrameworksBuildPhase section */
		60A99E412E5F26BD0095F533 /* Frameworks */ = {
			isa = PBXFrameworksBuildPhase;
			buildActionMask = 2147483647;
			files = (
			);
			runOnlyForDeploymentPostprocessing = 0;
		};
		60A99E4E2E5F26BD0095F533 /* Frameworks */ = {
			isa = PBXFrameworksBuildPhase;
			buildActionMask = 2147483647;
			files = (
			);
			runOnlyForDeploymentPostprocessing = 0;
		};
		60A99E582E5F26BD0095F533 /* Frameworks */ = {
			isa = PBXFrameworksBuildPhase;
			buildActionMask = 2147483647;
			files = (
			);
			runOnlyForDeploymentPostprocessing = 0;
		};
/* End PBXFrameworksBuildPhase section */

/* Begin PBXGroup section */
		60A99E3B2E5F26BD0095F533 = {
			isa = PBXGroup;
			children = (
				60A99E6E2E5F26E20095F533 /* .gitignore */,
				60A99E462E5F26BD0095F533 /* AIImageGenerator */,
				60A99E542E5F26BD0095F533 /* AIImageGeneratorTests */,
				60A99E5E2E5F26BD0095F533 /* AIImageGeneratorUITests */,
				60A99E452E5F26BD0095F533 /* Products */,
			);
			sourceTree = "<group>";
		};
		60A99E452E5F26BD0095F533 /* Products */ = {
			isa = PBXGroup;
			children = (
				60A99E442E5F26BD0095F533 /* AIImageGenerator.app */,
				60A99E512E5F26BD0095F533 /* AIImageGeneratorTests.xctest */,
				60A99E5B2E5F26BD0095F533 /* AIImageGeneratorUITests.xctest */,
			);
			name = Products;
			sourceTree = "<group>";
		};
/* End PBXGroup section */

/* Begin PBXNativeTarget section */
		60A99E432E5F26BD0095F533 /* AIImageGenerator */ = {
			isa = PBXNativeTarget;
			buildConfigurationList = 60A99E652E5F26BD0095F533 /* Build configuration list for PBXNativeTarget "AIImageGenerator" */;
			buildPhases = (
				60A99E402E5F26BD0095F533 /* Sources */,
				60A99E412E5F26BD0095F533 /* Frameworks */,
				60A99E422E5F26BD0095F533 /* Resources */,
			);
			buildRules = (
			);
			dependencies = (
			);
			fileSystemSynchronizedGroups = (
				60A99E462E5F26BD0095F533 /* AIImageGenerator */,
			);
			name = AIImageGenerator;
			packageProductDependencies = (
			);
			productName = AIImageGenerator;
			productReference = 60A99E442E5F26BD0095F533 /* AIImageGenerator.app */;
			productType = "com.apple.product-type.application";
		};
		60A99E502E5F26BD0095F533 /* AIImageGeneratorTests */ = {
			isa = PBXNativeTarget;
			buildConfigurationList = 60A99E682E5F26BD0095F533 /* Build configuration list for PBXNativeTarget "AIImageGeneratorTests" */;
			buildPhases = (
				60A99E4D2E5F26BD0095F533 /* Sources */,
				60A99E4E2E5F26BD0095F533 /* Frameworks */,
				60A99E4F2E5F26BD0095F533 /* Resources */,
			);
			buildRules = (
			);
			dependencies = (
				60A99E532E5F26BD0095F533 /* PBXTargetDependency */,
			);
			fileSystemSynchronizedGroups = (
				60A99E542E5F26BD0095F533 /* AIImageGeneratorTests */,
			);
			name = AIImageGeneratorTests;
			packageProductDependencies = (
			);
			productName = AIImageGeneratorTests;
			productReference = 60A99E512E5F26BD0095F533 /* AIImageGeneratorTests.xctest */;
			productType = "com.apple.product-type.bundle.unit-test";
		};
		60A99E5A2E5F26BD0095F533 /* AIImageGeneratorUITests */ = {
			isa = PBXNativeTarget;
			buildConfigurationList = 60A99E6B2E5F26BD0095F533 /* Build configuration list for PBXNativeTarget "AIImageGeneratorUITests" */;
			buildPhases = (
				60A99E572E5F26BD0095F533 /* Sources */,
				60A99E582E5F26BD0095F533 /* Frameworks */,
				60A99E592E5F26BD0095F533 /* Resources */,
			);
			buildRules = (
			);
			dependencies = (
				60A99E5D2E5F26BD0095F533 /* PBXTargetDependency */,
			);
			fileSystemSynchronizedGroups = (
				60A99E5E2E5F26BD0095F533 /* AIImageGeneratorUITests */,
			);
			name = AIImageGeneratorUITests;
			packageProductDependencies = (
			);
			productName = AIImageGeneratorUITests;
			productReference = 60A99E5B2E5F26BD0095F533 /* AIImageGeneratorUITests.xctest */;
			productType = "com.apple.product-type.bundle.ui-testing";
		};
/* End PBXNativeTarget section */

/* Begin PBXProject section */
		60A99E3C2E5F26BD0095F533 /* Project object */ = {
			isa = PBXProject;
			attributes = {
				BuildIndependentTargetsInParallel = 1;
				LastSwiftUpdateCheck = 1630;
				LastUpgradeCheck = 1630;
				TargetAttributes = {
					60A99E432E5F26BD0095F533 = {
						CreatedOnToolsVersion = 16.3;
					};
					60A99E502E5F26BD0095F533 = {
						CreatedOnToolsVersion = 16.3;
						TestTargetID = 60A99E432E5F26BD0095F533;
					};
					60A99E5A2E5F26BD0095F533 = {
						CreatedOnToolsVersion = 16.3;
						TestTargetID = 60A99E432E5F26BD0095F533;
					};
				};
			};
			buildConfigurationList = 60A99E3F2E5F26BD0095F533 /* Build configuration list for PBXProject "AIImageGenerator" */;
			developmentRegion = en;
			hasScannedForEncodings = 0;
			knownRegions = (
				en,
				Base,
			);
			mainGroup = 60A99E3B2E5F26BD0095F533;
			minimizedProjectReferenceProxies = 1;
			preferredProjectObjectVersion = 77;
			productRefGroup = 60A99E452E5F26BD0095F533 /* Products */;
			projectDirPath = "";
			projectRoot = "";
			targets = (
				60A99E432E5F26BD0095F533 /* AIImageGenerator */,
				60A99E502E5F26BD0095F533 /* AIImageGeneratorTests */,
				60A99E5A2E5F26BD0095F533 /* AIImageGeneratorUITests */,
			);
		};
/* End PBXProject section */

/* Begin PBXResourcesBuildPhase section */
		60A99E422E5F26BD0095F533 /* Resources */ = {
			isa = PBXResourcesBuildPhase;
			buildActionMask = 2147483647;
			files = (
				60A99E6F2E5F26F50095F533 /* .gitignore in Resources */,
			);
			runOnlyForDeploymentPostprocessing = 0;
		};
		60A99E4F2E5F26BD0095F533 /* Resources */ = {
			isa = PBXResourcesBuildPhase;
			buildActionMask = 2147483647;
			files = (
			);
			runOnlyForDeploymentPostprocessing = 0;
		};
		60A99E592E5F26BD0095F533 /* Resources */ = {
			isa = PBXResourcesBuildPhase;
			buildActionMask = 2147483647;
			files = (
			);
			runOnlyForDeploymentPostprocessing = 0;
		};
/* End PBXResourcesBuildPhase section */

/* Begin PBXSourcesBuildPhase section */
		60A99E402E5F26BD0095F533 /* Sources */ = {
			isa = PBXSourcesBuildPhase;
			buildActionMask = 2147483647;
			files = (
			);
			runOnlyForDeploymentPostprocessing = 0;
		};
		60A99E4D2E5F26BD0095F533 /* Sources */ = {
			isa = PBXSourcesBuildPhase;
			buildActionMask = 2147483647;
			files = (
			);
			runOnlyForDeploymentPostprocessing = 0;
		};
		60A99E572E5F26BD0095F533 /* Sources */ = {
			isa = PBXSourcesBuildPhase;
			buildActionMask = 2147483647;
			files = (
			);
			runOnlyForDeploymentPostprocessing = 0;
		};
/* End PBXSourcesBuildPhase section */

/* Begin PBXTargetDependency section */
		60A99E532E5F26BD0095F533 /* PBXTargetDependency */ = {
			isa = PBXTargetDependency;
			target = 60A99E432E5F26BD0095F533 /* AIImageGenerator */;
			targetProxy = 60A99E522E5F26BD0095F533 /* PBXContainerItemProxy */;
		};
		60A99E5D2E5F26BD0095F533 /* PBXTargetDependency */ = {
			isa = PBXTargetDependency;
			target = 60A99E432E5F26BD0095F533 /* AIImageGenerator */;
			targetProxy = 60A99E5C2E5F26BD0095F533 /* PBXContainerItemProxy */;
		};
/* End PBXTargetDependency section */

/* Begin XCBuildConfiguration section */
		60A99E632E5F26BD0095F533 /* Debug */ = {
			isa = XCBuildConfiguration;
			buildSettings = {
				ALWAYS_SEARCH_USER_PATHS = NO;
				ASSETCATALOG_COMPILER_GENERATE_SWIFT_ASSET_SYMBOL_EXTENSIONS = YES;
				CLANG_ANALYZER_NONNULL = YES;
				CLANG_ANALYZER_NUMBER_OBJECT_CONVERSION = YES_AGGRESSIVE;
				CLANG_CXX_LANGUAGE_STANDARD = "gnu++20";
				CLANG_ENABLE_MODULES = YES;
				CLANG_ENABLE_OBJC_ARC = YES;
				CLANG_ENABLE_OBJC_WEAK = YES;
				CLANG_WARN_BLOCK_CAPTURE_AUTORELEASING = YES;
				CLANG_WARN_BOOL_CONVERSION = YES;
				CLANG_WARN_COMMA = YES;
				CLANG_WARN_CONSTANT_CONVERSION = YES;
				CLANG_WARN_DEPRECATED_OBJC_IMPLEMENTATIONS = YES;
				CLANG_WARN_DIRECT_OBJC_ISA_USAGE = YES_ERROR;
				CLANG_WARN_DOCUMENTATION_COMMENTS = YES;
				CLANG_WARN_EMPTY_BODY = YES;
				CLANG_WARN_ENUM_CONVERSION = YES;
				CLANG_WARN_INFINITE_RECURSION = YES;
				CLANG_WARN_INT_CONVERSION = YES;
				CLANG_WARN_NON_LITERAL_NULL_CONVERSION = YES;
				CLANG_WARN_OBJC_IMPLICIT_RETAIN_SELF = YES;
				CLANG_WARN_OBJC_LITERAL_CONVERSION = YES;
				CLANG_WARN_OBJC_ROOT_CLASS = YES_ERROR;
				CLANG_WARN_QUOTED_INCLUDE_IN_FRAMEWORK_HEADER = YES;
				CLANG_WARN_RANGE_LOOP_ANALYSIS = YES;
				CLANG_WARN_STRICT_PROTOTYPES = YES;
				CLANG_WARN_SUSPICIOUS_MOVE = YES;
				CLANG_WARN_UNGUARDED_AVAILABILITY = YES_AGGRESSIVE;
				CLANG_WARN_UNREACHABLE_CODE = YES;
				CLANG_WARN__DUPLICATE_METHOD_MATCH = YES;
				COPY_PHASE_STRIP = NO;
				DEBUG_INFORMATION_FORMAT = dwarf;
				DEVELOPMENT_TEAM = 3QM666GV5Z;
				ENABLE_STRICT_OBJC_MSGSEND = YES;
				ENABLE_TESTABILITY = YES;
				ENABLE_USER_SCRIPT_SANDBOXING = YES;
				GCC_C_LANGUAGE_STANDARD = gnu17;
				GCC_DYNAMIC_NO_PIC = NO;
				GCC_NO_COMMON_BLOCKS = YES;
				GCC_OPTIMIZATION_LEVEL = 0;
				GCC_PREPROCESSOR_DEFINITIONS = (
					"DEBUG=1",
					"$(inherited)",
				);
				GCC_WARN_64_TO_32_BIT_CONVERSION = YES;
				GCC_WARN_ABOUT_RETURN_TYPE = YES_ERROR;
				GCC_WARN_UNDECLARED_SELECTOR = YES;
				GCC_WARN_UNINITIALIZED_AUTOS = YES_AGGRESSIVE;
				GCC_WARN_UNUSED_FUNCTION = YES;
				GCC_WARN_UNUSED_VARIABLE = YES;
				IPHONEOS_DEPLOYMENT_TARGET = 18.4;
				LOCALIZATION_PREFERS_STRING_CATALOGS = YES;
				MTL_ENABLE_DEBUG_INFO = INCLUDE_SOURCE;
				MTL_FAST_MATH = YES;
				ONLY_ACTIVE_ARCH = YES;
				SDKROOT = iphoneos;
				SWIFT_ACTIVE_COMPILATION_CONDITIONS = "DEBUG $(inherited)";
				SWIFT_OPTIMIZATION_LEVEL = "-Onone";
			};
			name = Debug;
		};
		60A99E642E5F26BD0095F533 /* Release */ = {
			isa = XCBuildConfiguration;
			buildSettings = {
				ALWAYS_SEARCH_USER_PATHS = NO;
				ASSETCATALOG_COMPILER_GENERATE_SWIFT_ASSET_SYMBOL_EXTENSIONS = YES;
				CLANG_ANALYZER_NONNULL = YES;
				CLANG_ANALYZER_NUMBER_OBJECT_CONVERSION = YES_AGGRESSIVE;
				CLANG_CXX_LANGUAGE_STANDARD = "gnu++20";
				CLANG_ENABLE_MODULES = YES;
				CLANG_ENABLE_OBJC_ARC = YES;
				CLANG_ENABLE_OBJC_WEAK = YES;
				CLANG_WARN_BLOCK_CAPTURE_AUTORELEASING = YES;
				CLANG_WARN_BOOL_CONVERSION = YES;
				CLANG_WARN_COMMA = YES;
				CLANG_WARN_CONSTANT_CONVERSION = YES;
				CLANG_WARN_DEPRECATED_OBJC_IMPLEMENTATIONS = YES;
				CLANG_WARN_DIRECT_OBJC_ISA_USAGE = YES_ERROR;
				CLANG_WARN_DOCUMENTATION_COMMENTS = YES;
				CLANG_WARN_EMPTY_BODY = YES;
				CLANG_WARN_ENUM_CONVERSION = YES;
				CLANG_WARN_INFINITE_RECURSION = YES;
				CLANG_WARN_INT_CONVERSION = YES;
				CLANG_WARN_NON_LITERAL_NULL_CONVERSION = YES;
				CLANG_WARN_OBJC_IMPLICIT_RETAIN_SELF = YES;
				CLANG_WARN_OBJC_LITERAL_CONVERSION = YES;
				CLANG_WARN_OBJC_ROOT_CLASS = YES_ERROR;
				CLANG_WARN_QUOTED_INCLUDE_IN_FRAMEWORK_HEADER = YES;
				CLANG_WARN_RANGE_LOOP_ANALYSIS = YES;
				CLANG_WARN_STRICT_PROTOTYPES = YES;
				CLANG_WARN_SUSPICIOUS_MOVE = YES;
				CLANG_WARN_UNGUARDED_AVAILABILITY = YES_AGGRESSIVE;
				CLANG_WARN_UNREACHABLE_CODE = YES;
				CLANG_WARN__DUPLICATE_METHOD_MATCH = YES;
				COPY_PHASE_STRIP = NO;
				DEBUG_INFORMATION_FORMAT = "dwarf-with-dsym";
				DEVELOPMENT_TEAM = 3QM666GV5Z;
				ENABLE_NS_ASSERTIONS = NO;
				ENABLE_STRICT_OBJC_MSGSEND = YES;
				ENABLE_USER_SCRIPT_SANDBOXING = YES;
				GCC_C_LANGUAGE_STANDARD = gnu17;
				GCC_NO_COMMON_BLOCKS = YES;
				GCC_WARN_64_TO_32_BIT_CONVERSION = YES;
				GCC_WARN_ABOUT_RETURN_TYPE = YES_ERROR;
				GCC_WARN_UNDECLARED_SELECTOR = YES;
				GCC_WARN_UNINITIALIZED_AUTOS = YES_AGGRESSIVE;
				GCC_WARN_UNUSED_FUNCTION = YES;
				GCC_WARN_UNUSED_VARIABLE = YES;
				IPHONEOS_DEPLOYMENT_TARGET = 18.4;
				LOCALIZATION_PREFERS_STRING_CATALOGS = YES;
				MTL_ENABLE_DEBUG_INFO = NO;
				MTL_FAST_MATH = YES;
				SDKROOT = iphoneos;
				SWIFT_COMPILATION_MODE = wholemodule;
				VALIDATE_PRODUCT = YES;
			};
			name = Release;
		};
		60A99E662E5F26BD0095F533 /* Debug */ = {
			isa = XCBuildConfiguration;
			buildSettings = {
				ASSETCATALOG_COMPILER_APPICON_NAME = AppIcon;
				ASSETCATALOG_COMPILER_GLOBAL_ACCENT_COLOR_NAME = AccentColor;
				CODE_SIGN_STYLE = Automatic;
				CURRENT_PROJECT_VERSION = 1;
				DEVELOPMENT_TEAM = 3QM666GV5Z;
				ENABLE_PREVIEWS = YES;
				GENERATE_INFOPLIST_FILE = YES;
				INFOPLIST_KEY_UIApplicationSceneManifest_Generation = YES;
				INFOPLIST_KEY_UIApplicationSupportsIndirectInputEvents = YES;
				INFOPLIST_KEY_UILaunchScreen_Generation = YES;
				INFOPLIST_KEY_UISupportedInterfaceOrientations_iPad = "UIInterfaceOrientationPortrait UIInterfaceOrientationPortraitUpsideDown UIInterfaceOrientationLandscapeLeft UIInterfaceOrientationLandscapeRight";
				INFOPLIST_KEY_UISupportedInterfaceOrientations_iPhone = "UIInterfaceOrientationPortrait UIInterfaceOrientationLandscapeLeft UIInterfaceOrientationLandscapeRight";
				LD_RUNPATH_SEARCH_PATHS = (
					"$(inherited)",
					"@executable_path/Frameworks",
				);
				MARKETING_VERSION = 1.0;
				PRODUCT_BUNDLE_IDENTIFIER = com.vivvi..AIImageGenerator;
				PRODUCT_NAME = "$(TARGET_NAME)";
				SWIFT_EMIT_LOC_STRINGS = YES;
				SWIFT_VERSION = 5.0;
				TARGETED_DEVICE_FAMILY = "1,2";
			};
			name = Debug;
		};
		60A99E672E5F26BD0095F533 /* Release */ = {
			isa = XCBuildConfiguration;
			buildSettings = {
				ASSETCATALOG_COMPILER_APPICON_NAME = AppIcon;
				ASSETCATALOG_COMPILER_GLOBAL_ACCENT_COLOR_NAME = AccentColor;
				CODE_SIGN_STYLE = Automatic;
				CURRENT_PROJECT_VERSION = 1;
				DEVELOPMENT_TEAM = 3QM666GV5Z;
				ENABLE_PREVIEWS = YES;
				GENERATE_INFOPLIST_FILE = YES;
				INFOPLIST_KEY_UIApplicationSceneManifest_Generation = YES;
				INFOPLIST_KEY_UIApplicationSupportsIndirectInputEvents = YES;
				INFOPLIST_KEY_UILaunchScreen_Generation = YES;
				INFOPLIST_KEY_UISupportedInterfaceOrientations_iPad = "UIInterfaceOrientationPortrait UIInterfaceOrientationPortraitUpsideDown UIInterfaceOrientationLandscapeLeft UIInterfaceOrientationLandscapeRight";
				INFOPLIST_KEY_UISupportedInterfaceOrientations_iPhone = "UIInterfaceOrientationPortrait UIInterfaceOrientationLandscapeLeft UIInterfaceOrientationLandscapeRight";
				LD_RUNPATH_SEARCH_PATHS = (
					"$(inherited)",
					"@executable_path/Frameworks",
				);
				MARKETING_VERSION = 1.0;
				PRODUCT_BUNDLE_IDENTIFIER = com.vivvi..AIImageGenerator;
				PRODUCT_NAME = "$(TARGET_NAME)";
				SWIFT_EMIT_LOC_STRINGS = YES;
				SWIFT_VERSION = 5.0;
				TARGETED_DEVICE_FAMILY = "1,2";
			};
			name = Release;
		};
		60A99E692E5F26BD0095F533 /* Debug */ = {
			isa = XCBuildConfiguration;
			buildSettings = {
				BUNDLE_LOADER = "$(TEST_HOST)";
				CODE_SIGN_STYLE = Automatic;
				CURRENT_PROJECT_VERSION = 1;
				DEVELOPMENT_TEAM = 3QM666GV5Z;
				GENERATE_INFOPLIST_FILE = YES;
				IPHONEOS_DEPLOYMENT_TARGET = 18.4;
				MARKETING_VERSION = 1.0;
				PRODUCT_BUNDLE_IDENTIFIER = com.vivvi..AIImageGeneratorTests;
				PRODUCT_NAME = "$(TARGET_NAME)";
				SWIFT_EMIT_LOC_STRINGS = NO;
				SWIFT_VERSION = 5.0;
				TARGETED_DEVICE_FAMILY = "1,2";
				TEST_HOST = "$(BUILT_PRODUCTS_DIR)/AIImageGenerator.app/$(BUNDLE_EXECUTABLE_FOLDER_PATH)/AIImageGenerator";
			};
			name = Debug;
		};
		60A99E6A2E5F26BD0095F533 /* Release */ = {
			isa = XCBuildConfiguration;
			buildSettings = {
				BUNDLE_LOADER = "$(TEST_HOST)";
				CODE_SIGN_STYLE = Automatic;
				CURRENT_PROJECT_VERSION = 1;
				DEVELOPMENT_TEAM = 3QM666GV5Z;
				GENERATE_INFOPLIST_FILE = YES;
				IPHONEOS_DEPLOYMENT_TARGET = 18.4;
				MARKETING_VERSION = 1.0;
				PRODUCT_BUNDLE_IDENTIFIER = com.vivvi..AIImageGeneratorTests;
				PRODUCT_NAME = "$(TARGET_NAME)";
				SWIFT_EMIT_LOC_STRINGS = NO;
				SWIFT_VERSION = 5.0;
				TARGETED_DEVICE_FAMILY = "1,2";
				TEST_HOST = "$(BUILT_PRODUCTS_DIR)/AIImageGenerator.app/$(BUNDLE_EXECUTABLE_FOLDER_PATH)/AIImageGenerator";
			};
			name = Release;
		};
		60A99E6C2E5F26BD0095F533 /* Debug */ = {
			isa = XCBuildConfiguration;
			buildSettings = {
				CODE_SIGN_STYLE = Automatic;
				CURRENT_PROJECT_VERSION = 1;
				DEVELOPMENT_TEAM = 3QM666GV5Z;
				GENERATE_INFOPLIST_FILE = YES;
				MARKETING_VERSION = 1.0;
				PRODUCT_BUNDLE_IDENTIFIER = com.vivvi..AIImageGeneratorUITests;
				PRODUCT_NAME = "$(TARGET_NAME)";
				SWIFT_EMIT_LOC_STRINGS = NO;
				SWIFT_VERSION = 5.0;
				TARGETED_DEVICE_FAMILY = "1,2";
				TEST_TARGET_NAME = AIImageGenerator;
			};
			name = Debug;
		};
		60A99E6D2E5F26BD0095F533 /* Release */ = {
			isa = XCBuildConfiguration;
			buildSettings = {
				CODE_SIGN_STYLE = Automatic;
				CURRENT_PROJECT_VERSION = 1;
				DEVELOPMENT_TEAM = 3QM666GV5Z;
				GENERATE_INFOPLIST_FILE = YES;
				MARKETING_VERSION = 1.0;
				PRODUCT_BUNDLE_IDENTIFIER = com.vivvi..AIImageGeneratorUITests;
				PRODUCT_NAME = "$(TARGET_NAME)";
				SWIFT_EMIT_LOC_STRINGS = NO;
				SWIFT_VERSION = 5.0;
				TARGETED_DEVICE_FAMILY = "1,2";
				TEST_TARGET_NAME = AIImageGenerator;
			};
			name = Release;
		};
/* End XCBuildConfiguration section */

/* Begin XCConfigurationList section */
		60A99E3F2E5F26BD0095F533 /* Build configuration list for PBXProject "AIImageGenerator" */ = {
			isa = XCConfigurationList;
			buildConfigurations = (
				60A99E632E5F26BD0095F533 /* Debug */,
				60A99E642E5F26BD0095F533 /* Release */,
			);
			defaultConfigurationIsVisible = 0;
			defaultConfigurationName = Release;
		};
		60A99E652E5F26BD0095F533 /* Build configuration list for PBXNativeTarget "AIImageGenerator" */ = {
			isa = XCConfigurationList;
			buildConfigurations = (
				60A99E662E5F26BD0095F533 /* Debug */,
				60A99E672E5F26BD0095F533 /* Release */,
			);
			defaultConfigurationIsVisible = 0;
			defaultConfigurationName = Release;
		};
		60A99E682E5F26BD0095F533 /* Build configuration list for PBXNativeTarget "AIImageGeneratorTests" */ = {
			isa = XCConfigurationList;
			buildConfigurations = (
				60A99E692E5F26BD0095F533 /* Debug */,
				60A99E6A2E5F26BD0095F533 /* Release */,
			);
			defaultConfigurationIsVisible = 0;
			defaultConfigurationName = Release;
		};
		60A99E6B2E5F26BD0095F533 /* Build configuration list for PBXNativeTarget "AIImageGeneratorUITests" */ = {
			isa = XCConfigurationList;
			buildConfigurations = (
				60A99E6C2E5F26BD0095F533 /* Debug */,
				60A99E6D2E5F26BD0095F533 /* Release */,
			);
			defaultConfigurationIsVisible = 0;
			defaultConfigurationName = Release;
		};
/* End XCConfigurationList section */
	};
	rootObject = 60A99E3C2E5F26BD0095F533 /* Project object */;
}
